
Microsoft Visual Studio Solution File, Format Version 12.00
# Visual Studio Version 17
VisualStudioVersion = 17.12.35527.113 d17.12
MinimumVisualStudioVersion = 10.0.40219.1
Project("{FAE04EC0-301F-11D3-BF4B-00C04F79EFBC}") = "Options.UI", "Options.UI\Options.UI.csproj", "{599634EF-6B28-434B-8645-2A09E43E9662}"
EndProject
Project("{FAE04EC0-301F-11D3-BF4B-00C04F79EFBC}") = "Options.UI.Services", "Options.UI.Services\Options.UI.Services.csproj", "{4CBDD237-D29C-48AD-9624-F55F8F1D7021}"
EndProject
Global
	GlobalSection(SolutionConfigurationPlatforms) = preSolution
		Debug|Any CPU = Debug|Any CPU
		Release|Any CPU = Release|Any CPU
	EndGlobalSection
	GlobalSection(ProjectConfigurationPlatforms) = postSolution
		{599634EF-6B28-434B-8645-2A09E43E9662}.Debug|Any CPU.ActiveCfg = Debug|Any CPU
		{599634EF-6B28-434B-8645-2A09E43E9662}.Debug|Any CPU.Build.0 = Debug|Any CPU
		{599634EF-6B28-434B-8645-2A09E43E9662}.Release|Any CPU.ActiveCfg = Release|Any CPU
		{599634EF-6B28-434B-8645-2A09E43E9662}.Release|Any CPU.Build.0 = Release|Any CPU
		{4CBDD237-D29C-48AD-9624-F55F8F1D7021}.Debug|Any CPU.ActiveCfg = Debug|Any CPU
		{4CBDD237-D29C-48AD-9624-F55F8F1D7021}.Debug|Any CPU.Build.0 = Debug|Any CPU
		{4CBDD237-D29C-48AD-9624-F55F8F1D7021}.Release|Any CPU.ActiveCfg = Release|Any CPU
		{4CBDD237-D29C-48AD-9624-F55F8F1D7021}.Release|Any CPU.Build.0 = Release|Any CPU
	EndGlobalSection
	GlobalSection(SolutionProperties) = preSolution
		HideSolutionNode = FALSE
	EndGlobalSection
EndGlobal
